// !$*UTF8*$!
{
	archiveVersion = 1;
	classes = {
	};
	objectVersion = 50;
	objects = {

/* Begin PBXBuildFile section */
		2B53C65AF97D81E3FD05F4A6 /* Pods_MS_MoviesUITests.framework in Frameworks */ = {isa = PBXBuildFile; fileRef = 0C2280265C9A2856F66F0C80 /* Pods_MS_MoviesUITests.framework */; };
		66745D1D53904746F213DF49 /* Pods_MS_Movies.framework in Frameworks */ = {isa = PBXBuildFile; fileRef = 3472D1C1CF72C998492DEE28 /* Pods_MS_Movies.framework */; };
		6FA60CEF429BED2D7A1CE28E /* Pods_MS_MoviesTests.framework in Frameworks */ = {isa = PBXBuildFile; fileRef = 9740BBF14B5D35B4B32FACA2 /* Pods_MS_MoviesTests.framework */; };
		84307D5A213AFB7000EA8F28 /* Avenir-Heavy.ttf in Resources */ = {isa = PBXBuildFile; fileRef = 84307D59213AFB7000EA8F28 /* Avenir-Heavy.ttf */; };
		84307D5C213B071700EA8F28 /* MovieTableViewCell.swift in Sources */ = {isa = PBXBuildFile; fileRef = 84307D5B213B071700EA8F28 /* MovieTableViewCell.swift */; };
		84307D5E213B482800EA8F28 /* UIColor+Utilities.swift in Sources */ = {isa = PBXBuildFile; fileRef = 84307D5D213B482800EA8F28 /* UIColor+Utilities.swift */; };
		84307D60213B557100EA8F28 /* MoviesViewModel.swift in Sources */ = {isa = PBXBuildFile; fileRef = 84307D5F213B557100EA8F28 /* MoviesViewModel.swift */; };
		843E24E5213A2157004D381C /* MoviesResponse.swift in Sources */ = {isa = PBXBuildFile; fileRef = 843E24E4213A2157004D381C /* MoviesResponse.swift */; };
		843E24E7213A2190004D381C /* Movie.swift in Sources */ = {isa = PBXBuildFile; fileRef = 843E24E6213A2190004D381C /* Movie.swift */; };
		843E24E9213A3667004D381C /* MoviesAPIManager.swift in Sources */ = {isa = PBXBuildFile; fileRef = 843E24E8213A3667004D381C /* MoviesAPIManager.swift */; };
		843E24EB213A369D004D381C /* MoviesRouter.swift in Sources */ = {isa = PBXBuildFile; fileRef = 843E24EA213A369D004D381C /* MoviesRouter.swift */; };
		843E24EE213A3889004D381C /* Constants.swift in Sources */ = {isa = PBXBuildFile; fileRef = 843E24ED213A3889004D381C /* Constants.swift */; };
		846D6045213A1D900082481F /* AppDelegate.swift in Sources */ = {isa = PBXBuildFile; fileRef = 846D6044213A1D900082481F /* AppDelegate.swift */; };
		846D6047213A1D900082481F /* MoviesViewController.swift in Sources */ = {isa = PBXBuildFile; fileRef = 846D6046213A1D900082481F /* MoviesViewController.swift */; };
		846D604A213A1D900082481F /* Main.storyboard in Resources */ = {isa = PBXBuildFile; fileRef = 846D6048213A1D900082481F /* Main.storyboard */; };
		846D604C213A1D920082481F /* Assets.xcassets in Resources */ = {isa = PBXBuildFile; fileRef = 846D604B213A1D920082481F /* Assets.xcassets */; };
		846D604F213A1D920082481F /* LaunchScreen.storyboard in Resources */ = {isa = PBXBuildFile; fileRef = 846D604D213A1D920082481F /* LaunchScreen.storyboard */; };
		846D605A213A1D920082481F /* MS_MoviesTests.swift in Sources */ = {isa = PBXBuildFile; fileRef = 846D6059213A1D920082481F /* MS_MoviesTests.swift */; };
		846D6065213A1D930082481F /* MS_MoviesUITests.swift in Sources */ = {isa = PBXBuildFile; fileRef = 846D6064213A1D930082481F /* MS_MoviesUITests.swift */; };
/* End PBXBuildFile section */

/* Begin PBXContainerItemProxy section */
		846D6056213A1D920082481F /* PBXContainerItemProxy */ = {
			isa = PBXContainerItemProxy;
			containerPortal = 846D6039213A1D900082481F /* Project object */;
			proxyType = 1;
			remoteGlobalIDString = 846D6040213A1D900082481F;
			remoteInfo = "MS Movies";
		};
		846D6061213A1D930082481F /* PBXContainerItemProxy */ = {
			isa = PBXContainerItemProxy;
			containerPortal = 846D6039213A1D900082481F /* Project object */;
			proxyType = 1;
			remoteGlobalIDString = 846D6040213A1D900082481F;
			remoteInfo = "MS Movies";
		};
/* End PBXContainerItemProxy section */

/* Begin PBXFileReference section */
		0C2280265C9A2856F66F0C80 /* Pods_MS_MoviesUITests.framework */ = {isa = PBXFileReference; explicitFileType = wrapper.framework; includeInIndex = 0; path = Pods_MS_MoviesUITests.framework; sourceTree = BUILT_PRODUCTS_DIR; };
		103A287ABC9EFC02D9FE052C /* Pods-MS MoviesUITests.release.xcconfig */ = {isa = PBXFileReference; includeInIndex = 1; lastKnownFileType = text.xcconfig; name = "Pods-MS MoviesUITests.release.xcconfig"; path = "Pods/Target Support Files/Pods-MS MoviesUITests/Pods-MS MoviesUITests.release.xcconfig"; sourceTree = "<group>"; };
		24C4B4E89AB37660D15A5C5C /* Pods-MS MoviesTests.debug.xcconfig */ = {isa = PBXFileReference; includeInIndex = 1; lastKnownFileType = text.xcconfig; name = "Pods-MS MoviesTests.debug.xcconfig"; path = "Pods/Target Support Files/Pods-MS MoviesTests/Pods-MS MoviesTests.debug.xcconfig"; sourceTree = "<group>"; };
		3472D1C1CF72C998492DEE28 /* Pods_MS_Movies.framework */ = {isa = PBXFileReference; explicitFileType = wrapper.framework; includeInIndex = 0; path = Pods_MS_Movies.framework; sourceTree = BUILT_PRODUCTS_DIR; };
		6004B4F371CBDCB780096B3C /* Pods-MS MoviesUITests.debug.xcconfig */ = {isa = PBXFileReference; includeInIndex = 1; lastKnownFileType = text.xcconfig; name = "Pods-MS MoviesUITests.debug.xcconfig"; path = "Pods/Target Support Files/Pods-MS MoviesUITests/Pods-MS MoviesUITests.debug.xcconfig"; sourceTree = "<group>"; };
		84307D59213AFB7000EA8F28 /* Avenir-Heavy.ttf */ = {isa = PBXFileReference; lastKnownFileType = file; path = "Avenir-Heavy.ttf"; sourceTree = "<group>"; };
		84307D5B213B071700EA8F28 /* MovieTableViewCell.swift */ = {isa = PBXFileReference; lastKnownFileType = sourcecode.swift; path = MovieTableViewCell.swift; sourceTree = "<group>"; };
		84307D5D213B482800EA8F28 /* UIColor+Utilities.swift */ = {isa = PBXFileReference; lastKnownFileType = sourcecode.swift; path = "UIColor+Utilities.swift"; sourceTree = "<group>"; };
		84307D5F213B557100EA8F28 /* MoviesViewModel.swift */ = {isa = PBXFileReference; lastKnownFileType = sourcecode.swift; path = MoviesViewModel.swift; sourceTree = "<group>"; };
		843E24E4213A2157004D381C /* MoviesResponse.swift */ = {isa = PBXFileReference; lastKnownFileType = sourcecode.swift; path = MoviesResponse.swift; sourceTree = "<group>"; };
		843E24E6213A2190004D381C /* Movie.swift */ = {isa = PBXFileReference; lastKnownFileType = sourcecode.swift; path = Movie.swift; sourceTree = "<group>"; };
		843E24E8213A3667004D381C /* MoviesAPIManager.swift */ = {isa = PBXFileReference; lastKnownFileType = sourcecode.swift; path = MoviesAPIManager.swift; sourceTree = "<group>"; };
		843E24EA213A369D004D381C /* MoviesRouter.swift */ = {isa = PBXFileReference; lastKnownFileType = sourcecode.swift; path = MoviesRouter.swift; sourceTree = "<group>"; };
		843E24ED213A3889004D381C /* Constants.swift */ = {isa = PBXFileReference; lastKnownFileType = sourcecode.swift; path = Constants.swift; sourceTree = "<group>"; };
		846D6041213A1D900082481F /* MS Movies.app */ = {isa = PBXFileReference; explicitFileType = wrapper.application; includeInIndex = 0; path = "MS Movies.app"; sourceTree = BUILT_PRODUCTS_DIR; };
		846D6044213A1D900082481F /* AppDelegate.swift */ = {isa = PBXFileReference; lastKnownFileType = sourcecode.swift; path = AppDelegate.swift; sourceTree = "<group>"; };
		846D6046213A1D900082481F /* MoviesViewController.swift */ = {isa = PBXFileReference; lastKnownFileType = sourcecode.swift; path = MoviesViewController.swift; sourceTree = "<group>"; };
		846D6049213A1D900082481F /* Base */ = {isa = PBXFileReference; lastKnownFileType = file.storyboard; name = Base; path = Base.lproj/Main.storyboard; sourceTree = "<group>"; };
		846D604B213A1D920082481F /* Assets.xcassets */ = {isa = PBXFileReference; lastKnownFileType = folder.assetcatalog; path = Assets.xcassets; sourceTree = "<group>"; };
		846D604E213A1D920082481F /* Base */ = {isa = PBXFileReference; lastKnownFileType = file.storyboard; name = Base; path = Base.lproj/LaunchScreen.storyboard; sourceTree = "<group>"; };
		846D6050213A1D920082481F /* Info.plist */ = {isa = PBXFileReference; lastKnownFileType = text.plist.xml; path = Info.plist; sourceTree = "<group>"; };
		846D6055213A1D920082481F /* MS MoviesTests.xctest */ = {isa = PBXFileReference; explicitFileType = wrapper.cfbundle; includeInIndex = 0; path = "MS MoviesTests.xctest"; sourceTree = BUILT_PRODUCTS_DIR; };
		846D6059213A1D920082481F /* MS_MoviesTests.swift */ = {isa = PBXFileReference; lastKnownFileType = sourcecode.swift; path = MS_MoviesTests.swift; sourceTree = "<group>"; };
		846D605B213A1D930082481F /* Info.plist */ = {isa = PBXFileReference; lastKnownFileType = text.plist.xml; path = Info.plist; sourceTree = "<group>"; };
		846D6060213A1D930082481F /* MS MoviesUITests.xctest */ = {isa = PBXFileReference; explicitFileType = wrapper.cfbundle; includeInIndex = 0; path = "MS MoviesUITests.xctest"; sourceTree = BUILT_PRODUCTS_DIR; };
		846D6064213A1D930082481F /* MS_MoviesUITests.swift */ = {isa = PBXFileReference; lastKnownFileType = sourcecode.swift; path = MS_MoviesUITests.swift; sourceTree = "<group>"; };
		846D6066213A1D930082481F /* Info.plist */ = {isa = PBXFileReference; lastKnownFileType = text.plist.xml; path = Info.plist; sourceTree = "<group>"; };
		9740BBF14B5D35B4B32FACA2 /* Pods_MS_MoviesTests.framework */ = {isa = PBXFileReference; explicitFileType = wrapper.framework; includeInIndex = 0; path = Pods_MS_MoviesTests.framework; sourceTree = BUILT_PRODUCTS_DIR; };
		98473F7A2B7B52AB1920C924 /* Pods-MS Movies.debug.xcconfig */ = {isa = PBXFileReference; includeInIndex = 1; lastKnownFileType = text.xcconfig; name = "Pods-MS Movies.debug.xcconfig"; path = "Pods/Target Support Files/Pods-MS Movies/Pods-MS Movies.debug.xcconfig"; sourceTree = "<group>"; };
		DCCC83FE01A208E127FD06CA /* Pods-MS Movies.release.xcconfig */ = {isa = PBXFileReference; includeInIndex = 1; lastKnownFileType = text.xcconfig; name = "Pods-MS Movies.release.xcconfig"; path = "Pods/Target Support Files/Pods-MS Movies/Pods-MS Movies.release.xcconfig"; sourceTree = "<group>"; };
		F3A2FFE39BF413B99EB27C15 /* Pods-MS MoviesTests.release.xcconfig */ = {isa = PBXFileReference; includeInIndex = 1; lastKnownFileType = text.xcconfig; name = "Pods-MS MoviesTests.release.xcconfig"; path = "Pods/Target Support Files/Pods-MS MoviesTests/Pods-MS MoviesTests.release.xcconfig"; sourceTree = "<group>"; };
/* End PBXFileReference section */

/* Begin PBXFrameworksBuildPhase section */
		846D603E213A1D900082481F /* Frameworks */ = {
			isa = PBXFrameworksBuildPhase;
			buildActionMask = 2147483647;
			files = (
				66745D1D53904746F213DF49 /* Pods_MS_Movies.framework in Frameworks */,
			);
			runOnlyForDeploymentPostprocessing = 0;
		};
		846D6052213A1D920082481F /* Frameworks */ = {
			isa = PBXFrameworksBuildPhase;
			buildActionMask = 2147483647;
			files = (
				6FA60CEF429BED2D7A1CE28E /* Pods_MS_MoviesTests.framework in Frameworks */,
			);
			runOnlyForDeploymentPostprocessing = 0;
		};
		846D605D213A1D930082481F /* Frameworks */ = {
			isa = PBXFrameworksBuildPhase;
			buildActionMask = 2147483647;
			files = (
				2B53C65AF97D81E3FD05F4A6 /* Pods_MS_MoviesUITests.framework in Frameworks */,
			);
			runOnlyForDeploymentPostprocessing = 0;
		};
/* End PBXFrameworksBuildPhase section */

/* Begin PBXGroup section */
		84307D58213AFB5F00EA8F28 /* Fonts */ = {
			isa = PBXGroup;
			children = (
				84307D59213AFB7000EA8F28 /* Avenir-Heavy.ttf */,
			);
			path = Fonts;
			sourceTree = "<group>";
		};
		843E24DE213A1F2B004D381C /* Movies Module */ = {
			isa = PBXGroup;
			children = (
				843E24E0213A1F3E004D381C /* Data Access Layer */,
				843E24E1213A1F47004D381C /* View Models */,
				843E24DF213A1F37004D381C /* UI Layer */,
			);
			path = "Movies Module";
			sourceTree = "<group>";
		};
		843E24DF213A1F37004D381C /* UI Layer */ = {
			isa = PBXGroup;
			children = (
				846D6046213A1D900082481F /* MoviesViewController.swift */,
				843E24E3213A1F69004D381C /* Cells */,
			);
			path = "UI Layer";
			sourceTree = "<group>";
		};
		843E24E0213A1F3E004D381C /* Data Access Layer */ = {
			isa = PBXGroup;
			children = (
				843E24E8213A3667004D381C /* MoviesAPIManager.swift */,
				843E24EA213A369D004D381C /* MoviesRouter.swift */,
				843E24E2213A1F63004D381C /* Models */,
			);
			path = "Data Access Layer";
			sourceTree = "<group>";
		};
		843E24E1213A1F47004D381C /* View Models */ = {
			isa = PBXGroup;
			children = (
				84307D5F213B557100EA8F28 /* MoviesViewModel.swift */,
			);
			path = "View Models";
			sourceTree = "<group>";
		};
		843E24E2213A1F63004D381C /* Models */ = {
			isa = PBXGroup;
			children = (
				843E24E4213A2157004D381C /* MoviesResponse.swift */,
				843E24E6213A2190004D381C /* Movie.swift */,
			);
			path = Models;
			sourceTree = "<group>";
		};
		843E24E3213A1F69004D381C /* Cells */ = {
			isa = PBXGroup;
			children = (
				84307D5B213B071700EA8F28 /* MovieTableViewCell.swift */,
			);
			path = Cells;
			sourceTree = "<group>";
		};
		843E24EC213A3872004D381C /* Utilities */ = {
			isa = PBXGroup;
			children = (
				843E24ED213A3889004D381C /* Constants.swift */,
				84307D5D213B482800EA8F28 /* UIColor+Utilities.swift */,
			);
			path = Utilities;
			sourceTree = "<group>";
		};
		8449B8FF213A1EFB0000C80F /* Assets */ = {
			isa = PBXGroup;
			children = (
				846D6048213A1D900082481F /* Main.storyboard */,
				846D604D213A1D920082481F /* LaunchScreen.storyboard */,
				846D604B213A1D920082481F /* Assets.xcassets */,
				846D6050213A1D920082481F /* Info.plist */,
			);
			name = Assets;
			sourceTree = "<group>";
		};
		846D6038213A1D900082481F = {
			isa = PBXGroup;
			children = (
				846D6043213A1D900082481F /* MS Movies */,
				846D6058213A1D920082481F /* MS MoviesTests */,
				846D6063213A1D930082481F /* MS MoviesUITests */,
				846D6042213A1D900082481F /* Products */,
				FA1424D80B4E8B3FAA44AE25 /* Pods */,
				C603DB3BA6A1CA560382D7D1 /* Frameworks */,
			);
			sourceTree = "<group>";
		};
		846D6042213A1D900082481F /* Products */ = {
			isa = PBXGroup;
			children = (
				846D6041213A1D900082481F /* MS Movies.app */,
				846D6055213A1D920082481F /* MS MoviesTests.xctest */,
				846D6060213A1D930082481F /* MS MoviesUITests.xctest */,
			);
			name = Products;
			sourceTree = "<group>";
		};
		846D6043213A1D900082481F /* MS Movies */ = {
			isa = PBXGroup;
			children = (
				846D6044213A1D900082481F /* AppDelegate.swift */,
				843E24DE213A1F2B004D381C /* Movies Module */,
				843E24EC213A3872004D381C /* Utilities */,
				84307D58213AFB5F00EA8F28 /* Fonts */,
				8449B8FF213A1EFB0000C80F /* Assets */,
			);
			path = "MS Movies";
			sourceTree = "<group>";
		};
		846D6058213A1D920082481F /* MS MoviesTests */ = {
			isa = PBXGroup;
			children = (
				846D6059213A1D920082481F /* MS_MoviesTests.swift */,
				846D605B213A1D930082481F /* Info.plist */,
			);
			path = "MS MoviesTests";
			sourceTree = "<group>";
		};
		846D6063213A1D930082481F /* MS MoviesUITests */ = {
			isa = PBXGroup;
			children = (
				846D6064213A1D930082481F /* MS_MoviesUITests.swift */,
				846D6066213A1D930082481F /* Info.plist */,
			);
			path = "MS MoviesUITests";
			sourceTree = "<group>";
		};
		C603DB3BA6A1CA560382D7D1 /* Frameworks */ = {
			isa = PBXGroup;
			children = (
				3472D1C1CF72C998492DEE28 /* Pods_MS_Movies.framework */,
				9740BBF14B5D35B4B32FACA2 /* Pods_MS_MoviesTests.framework */,
				0C2280265C9A2856F66F0C80 /* Pods_MS_MoviesUITests.framework */,
			);
			name = Frameworks;
			sourceTree = "<group>";
		};
		FA1424D80B4E8B3FAA44AE25 /* Pods */ = {
			isa = PBXGroup;
			children = (
				98473F7A2B7B52AB1920C924 /* Pods-MS Movies.debug.xcconfig */,
				DCCC83FE01A208E127FD06CA /* Pods-MS Movies.release.xcconfig */,
				24C4B4E89AB37660D15A5C5C /* Pods-MS MoviesTests.debug.xcconfig */,
				F3A2FFE39BF413B99EB27C15 /* Pods-MS MoviesTests.release.xcconfig */,
				6004B4F371CBDCB780096B3C /* Pods-MS MoviesUITests.debug.xcconfig */,
				103A287ABC9EFC02D9FE052C /* Pods-MS MoviesUITests.release.xcconfig */,
			);
			name = Pods;
			sourceTree = "<group>";
		};
/* End PBXGroup section */

/* Begin PBXNativeTarget section */
		846D6040213A1D900082481F /* MS Movies */ = {
			isa = PBXNativeTarget;
			buildConfigurationList = 846D6069213A1D930082481F /* Build configuration list for PBXNativeTarget "MS Movies" */;
			buildPhases = (
				9EB4C2E445FEE96B92C6E7D3 /* [CP] Check Pods Manifest.lock */,
				846D603D213A1D900082481F /* Sources */,
				846D603E213A1D900082481F /* Frameworks */,
				846D603F213A1D900082481F /* Resources */,
				D4AC47CD10895B4818757A87 /* [CP] Embed Pods Frameworks */,
			);
			buildRules = (
			);
			dependencies = (
			);
			name = "MS Movies";
			productName = "MS Movies";
			productReference = 846D6041213A1D900082481F /* MS Movies.app */;
			productType = "com.apple.product-type.application";
		};
		846D6054213A1D920082481F /* MS MoviesTests */ = {
			isa = PBXNativeTarget;
			buildConfigurationList = 846D606C213A1D930082481F /* Build configuration list for PBXNativeTarget "MS MoviesTests" */;
			buildPhases = (
				7D3996A793B9CDDAB446102C /* [CP] Check Pods Manifest.lock */,
				846D6051213A1D920082481F /* Sources */,
				846D6052213A1D920082481F /* Frameworks */,
				846D6053213A1D920082481F /* Resources */,
			);
			buildRules = (
			);
			dependencies = (
				846D6057213A1D920082481F /* PBXTargetDependency */,
			);
			name = "MS MoviesTests";
			productName = "MS MoviesTests";
			productReference = 846D6055213A1D920082481F /* MS MoviesTests.xctest */;
			productType = "com.apple.product-type.bundle.unit-test";
		};
		846D605F213A1D930082481F /* MS MoviesUITests */ = {
			isa = PBXNativeTarget;
			buildConfigurationList = 846D606F213A1D930082481F /* Build configuration list for PBXNativeTarget "MS MoviesUITests" */;
			buildPhases = (
				34A7235591F497BAB1955DA9 /* [CP] Check Pods Manifest.lock */,
				846D605C213A1D930082481F /* Sources */,
				846D605D213A1D930082481F /* Frameworks */,
				846D605E213A1D930082481F /* Resources */,
			);
			buildRules = (
			);
			dependencies = (
				846D6062213A1D930082481F /* PBXTargetDependency */,
			);
			name = "MS MoviesUITests";
			productName = "MS MoviesUITests";
			productReference = 846D6060213A1D930082481F /* MS MoviesUITests.xctest */;
			productType = "com.apple.product-type.bundle.ui-testing";
		};
/* End PBXNativeTarget section */

/* Begin PBXProject section */
		846D6039213A1D900082481F /* Project object */ = {
			isa = PBXProject;
			attributes = {
				LastSwiftUpdateCheck = 0940;
				LastUpgradeCheck = 0940;
				ORGANIZATIONNAME = "Mohammad Shaker";
				TargetAttributes = {
					846D6040213A1D900082481F = {
						CreatedOnToolsVersion = 9.4.1;
					};
					846D6054213A1D920082481F = {
						CreatedOnToolsVersion = 9.4.1;
						TestTargetID = 846D6040213A1D900082481F;
					};
					846D605F213A1D930082481F = {
						CreatedOnToolsVersion = 9.4.1;
						TestTargetID = 846D6040213A1D900082481F;
					};
				};
			};
			buildConfigurationList = 846D603C213A1D900082481F /* Build configuration list for PBXProject "MS Movies" */;
			compatibilityVersion = "Xcode 9.3";
			developmentRegion = en;
			hasScannedForEncodings = 0;
			knownRegions = (
				en,
				Base,
			);
			mainGroup = 846D6038213A1D900082481F;
			productRefGroup = 846D6042213A1D900082481F /* Products */;
			projectDirPath = "";
			projectRoot = "";
			targets = (
				846D6040213A1D900082481F /* MS Movies */,
				846D6054213A1D920082481F /* MS MoviesTests */,
				846D605F213A1D930082481F /* MS MoviesUITests */,
			);
		};
/* End PBXProject section */

/* Begin PBXResourcesBuildPhase section */
		846D603F213A1D900082481F /* Resources */ = {
			isa = PBXResourcesBuildPhase;
			buildActionMask = 2147483647;
			files = (
				846D604F213A1D920082481F /* LaunchScreen.storyboard in Resources */,
				846D604C213A1D920082481F /* Assets.xcassets in Resources */,
				846D604A213A1D900082481F /* Main.storyboard in Resources */,
				84307D5A213AFB7000EA8F28 /* Avenir-Heavy.ttf in Resources */,
			);
			runOnlyForDeploymentPostprocessing = 0;
		};
		846D6053213A1D920082481F /* Resources */ = {
			isa = PBXResourcesBuildPhase;
			buildActionMask = 2147483647;
			files = (
			);
			runOnlyForDeploymentPostprocessing = 0;
		};
		846D605E213A1D930082481F /* Resources */ = {
			isa = PBXResourcesBuildPhase;
			buildActionMask = 2147483647;
			files = (
			);
			runOnlyForDeploymentPostprocessing = 0;
		};
/* End PBXResourcesBuildPhase section */

/* Begin PBXShellScriptBuildPhase section */
		34A7235591F497BAB1955DA9 /* [CP] Check Pods Manifest.lock */ = {
			isa = PBXShellScriptBuildPhase;
			buildActionMask = 2147483647;
			files = (
			);
			inputPaths = (
				"${PODS_PODFILE_DIR_PATH}/Podfile.lock",
				"${PODS_ROOT}/Manifest.lock",
			);
			name = "[CP] Check Pods Manifest.lock";
			outputPaths = (
				"$(DERIVED_FILE_DIR)/Pods-MS MoviesUITests-checkManifestLockResult.txt",
			);
			runOnlyForDeploymentPostprocessing = 0;
			shellPath = /bin/sh;
			shellScript = "diff \"${PODS_PODFILE_DIR_PATH}/Podfile.lock\" \"${PODS_ROOT}/Manifest.lock\" > /dev/null\nif [ $? != 0 ] ; then\n    # print error to STDERR\n    echo \"error: The sandbox is not in sync with the Podfile.lock. Run 'pod install' or update your CocoaPods installation.\" >&2\n    exit 1\nfi\n# This output is used by Xcode 'outputs' to avoid re-running this script phase.\necho \"SUCCESS\" > \"${SCRIPT_OUTPUT_FILE_0}\"\n";
			showEnvVarsInLog = 0;
		};
		7D3996A793B9CDDAB446102C /* [CP] Check Pods Manifest.lock */ = {
			isa = PBXShellScriptBuildPhase;
			buildActionMask = 2147483647;
			files = (
			);
			inputPaths = (
				"${PODS_PODFILE_DIR_PATH}/Podfile.lock",
				"${PODS_ROOT}/Manifest.lock",
			);
			name = "[CP] Check Pods Manifest.lock";
			outputPaths = (
				"$(DERIVED_FILE_DIR)/Pods-MS MoviesTests-checkManifestLockResult.txt",
			);
			runOnlyForDeploymentPostprocessing = 0;
			shellPath = /bin/sh;
			shellScript = "diff \"${PODS_PODFILE_DIR_PATH}/Podfile.lock\" \"${PODS_ROOT}/Manifest.lock\" > /dev/null\nif [ $? != 0 ] ; then\n    # print error to STDERR\n    echo \"error: The sandbox is not in sync with the Podfile.lock. Run 'pod install' or update your CocoaPods installation.\" >&2\n    exit 1\nfi\n# This output is used by Xcode 'outputs' to avoid re-running this script phase.\necho \"SUCCESS\" > \"${SCRIPT_OUTPUT_FILE_0}\"\n";
			showEnvVarsInLog = 0;
		};
		9EB4C2E445FEE96B92C6E7D3 /* [CP] Check Pods Manifest.lock */ = {
			isa = PBXShellScriptBuildPhase;
			buildActionMask = 2147483647;
			files = (
			);
			inputPaths = (
				"${PODS_PODFILE_DIR_PATH}/Podfile.lock",
				"${PODS_ROOT}/Manifest.lock",
			);
			name = "[CP] Check Pods Manifest.lock";
			outputPaths = (
				"$(DERIVED_FILE_DIR)/Pods-MS Movies-checkManifestLockResult.txt",
			);
			runOnlyForDeploymentPostprocessing = 0;
			shellPath = /bin/sh;
			shellScript = "diff \"${PODS_PODFILE_DIR_PATH}/Podfile.lock\" \"${PODS_ROOT}/Manifest.lock\" > /dev/null\nif [ $? != 0 ] ; then\n    # print error to STDERR\n    echo \"error: The sandbox is not in sync with the Podfile.lock. Run 'pod install' or update your CocoaPods installation.\" >&2\n    exit 1\nfi\n# This output is used by Xcode 'outputs' to avoid re-running this script phase.\necho \"SUCCESS\" > \"${SCRIPT_OUTPUT_FILE_0}\"\n";
			showEnvVarsInLog = 0;
		};
		D4AC47CD10895B4818757A87 /* [CP] Embed Pods Frameworks */ = {
			isa = PBXShellScriptBuildPhase;
			buildActionMask = 2147483647;
			files = (
			);
			inputPaths = (
				"${SRCROOT}/Pods/Target Support Files/Pods-MS Movies/Pods-MS Movies-frameworks.sh",
				"${BUILT_PRODUCTS_DIR}/Alamofire/Alamofire.framework",
				"${BUILT_PRODUCTS_DIR}/Kingfisher/Kingfisher.framework",
			);
			name = "[CP] Embed Pods Frameworks";
			outputPaths = (
				"${TARGET_BUILD_DIR}/${FRAMEWORKS_FOLDER_PATH}/Alamofire.framework",
				"${TARGET_BUILD_DIR}/${FRAMEWORKS_FOLDER_PATH}/Kingfisher.framework",
			);
			runOnlyForDeploymentPostprocessing = 0;
			shellPath = /bin/sh;
			shellScript = "\"${SRCROOT}/Pods/Target Support Files/Pods-MS Movies/Pods-MS Movies-frameworks.sh\"\n";
			showEnvVarsInLog = 0;
		};
/* End PBXShellScriptBuildPhase section */

/* Begin PBXSourcesBuildPhase section */
		846D603D213A1D900082481F /* Sources */ = {
			isa = PBXSourcesBuildPhase;
			buildActionMask = 2147483647;
			files = (
				846D6047213A1D900082481F /* MoviesViewController.swift in Sources */,
				843E24E9213A3667004D381C /* MoviesAPIManager.swift in Sources */,
				846D6045213A1D900082481F /* AppDelegate.swift in Sources */,
				843E24EB213A369D004D381C /* MoviesRouter.swift in Sources */,
				843E24EE213A3889004D381C /* Constants.swift in Sources */,
				84307D5E213B482800EA8F28 /* UIColor+Utilities.swift in Sources */,
				843E24E7213A2190004D381C /* Movie.swift in Sources */,
				84307D5C213B071700EA8F28 /* MovieTableViewCell.swift in Sources */,
				843E24E5213A2157004D381C /* MoviesResponse.swift in Sources */,
				84307D60213B557100EA8F28 /* MoviesViewModel.swift in Sources */,
			);
			runOnlyForDeploymentPostprocessing = 0;
		};
		846D6051213A1D920082481F /* Sources */ = {
			isa = PBXSourcesBuildPhase;
			buildActionMask = 2147483647;
			files = (
				846D605A213A1D920082481F /* MS_MoviesTests.swift in Sources */,
			);
			runOnlyForDeploymentPostprocessing = 0;
		};
		846D605C213A1D930082481F /* Sources */ = {
			isa = PBXSourcesBuildPhase;
			buildActionMask = 2147483647;
			files = (
				846D6065213A1D930082481F /* MS_MoviesUITests.swift in Sources */,
			);
			runOnlyForDeploymentPostprocessing = 0;
		};
/* End PBXSourcesBuildPhase section */

/* Begin PBXTargetDependency section */
		846D6057213A1D920082481F /* PBXTargetDependency */ = {
			isa = PBXTargetDependency;
			target = 846D6040213A1D900082481F /* MS Movies */;
			targetProxy = 846D6056213A1D920082481F /* PBXContainerItemProxy */;
		};
		846D6062213A1D930082481F /* PBXTargetDependency */ = {
			isa = PBXTargetDependency;
			target = 846D6040213A1D900082481F /* MS Movies */;
			targetProxy = 846D6061213A1D930082481F /* PBXContainerItemProxy */;
		};
/* End PBXTargetDependency section */

/* Begin PBXVariantGroup section */
		846D6048213A1D900082481F /* Main.storyboard */ = {
			isa = PBXVariantGroup;
			children = (
				846D6049213A1D900082481F /* Base */,
			);
			name = Main.storyboard;
			sourceTree = "<group>";
		};
		846D604D213A1D920082481F /* LaunchScreen.storyboard */ = {
			isa = PBXVariantGroup;
			children = (
				846D604E213A1D920082481F /* Base */,
			);
			name = LaunchScreen.storyboard;
			sourceTree = "<group>";
		};
/* End PBXVariantGroup section */

/* Begin XCBuildConfiguration section */
		846D6067213A1D930082481F /* Debug */ = {
			isa = XCBuildConfiguration;
			buildSettings = {
				ALWAYS_SEARCH_USER_PATHS = NO;
				CLANG_ANALYZER_NONNULL = YES;
				CLANG_ANALYZER_NUMBER_OBJECT_CONVERSION = YES_AGGRESSIVE;
				CLANG_CXX_LANGUAGE_STANDARD = "gnu++14";
				CLANG_CXX_LIBRARY = "libc++";
				CLANG_ENABLE_MODULES = YES;
				CLANG_ENABLE_OBJC_ARC = YES;
				CLANG_ENABLE_OBJC_WEAK = YES;
				CLANG_WARN_BLOCK_CAPTURE_AUTORELEASING = YES;
				CLANG_WARN_BOOL_CONVERSION = YES;
				CLANG_WARN_COMMA = YES;
				CLANG_WARN_CONSTANT_CONVERSION = YES;
				CLANG_WARN_DEPRECATED_OBJC_IMPLEMENTATIONS = YES;
				CLANG_WARN_DIRECT_OBJC_ISA_USAGE = YES_ERROR;
				CLANG_WARN_DOCUMENTATION_COMMENTS = YES;
				CLANG_WARN_EMPTY_BODY = YES;
				CLANG_WARN_ENUM_CONVERSION = YES;
				CLANG_WARN_INFINITE_RECURSION = YES;
				CLANG_WARN_INT_CONVERSION = YES;
				CLANG_WARN_NON_LITERAL_NULL_CONVERSION = YES;
				CLANG_WARN_OBJC_IMPLICIT_RETAIN_SELF = YES;
				CLANG_WARN_OBJC_LITERAL_CONVERSION = YES;
				CLANG_WARN_OBJC_ROOT_CLASS = YES_ERROR;
				CLANG_WARN_RANGE_LOOP_ANALYSIS = YES;
				CLANG_WARN_STRICT_PROTOTYPES = YES;
				CLANG_WARN_SUSPICIOUS_MOVE = YES;
				CLANG_WARN_UNGUARDED_AVAILABILITY = YES_AGGRESSIVE;
				CLANG_WARN_UNREACHABLE_CODE = YES;
				CLANG_WARN__DUPLICATE_METHOD_MATCH = YES;
				CODE_SIGN_IDENTITY = "iPhone Developer";
				COPY_PHASE_STRIP = NO;
				DEBUG_INFORMATION_FORMAT = dwarf;
				ENABLE_STRICT_OBJC_MSGSEND = YES;
				ENABLE_TESTABILITY = YES;
				GCC_C_LANGUAGE_STANDARD = gnu11;
				GCC_DYNAMIC_NO_PIC = NO;
				GCC_NO_COMMON_BLOCKS = YES;
				GCC_OPTIMIZATION_LEVEL = 0;
				GCC_PREPROCESSOR_DEFINITIONS = (
					"DEBUG=1",
					"$(inherited)",
				);
				GCC_WARN_64_TO_32_BIT_CONVERSION = YES;
				GCC_WARN_ABOUT_RETURN_TYPE = YES_ERROR;
				GCC_WARN_UNDECLARED_SELECTOR = YES;
				GCC_WARN_UNINITIALIZED_AUTOS = YES_AGGRESSIVE;
				GCC_WARN_UNUSED_FUNCTION = YES;
				GCC_WARN_UNUSED_VARIABLE = YES;
				IPHONEOS_DEPLOYMENT_TARGET = 11.4;
				MTL_ENABLE_DEBUG_INFO = YES;
				ONLY_ACTIVE_ARCH = YES;
				SDKROOT = iphoneos;
				SWIFT_ACTIVE_COMPILATION_CONDITIONS = DEBUG;
				SWIFT_OPTIMIZATION_LEVEL = "-Onone";
			};
			name = Debug;
		};
		846D6068213A1D930082481F /* Release */ = {
			isa = XCBuildConfiguration;
			buildSettings = {
				ALWAYS_SEARCH_USER_PATHS = NO;
				CLANG_ANALYZER_NONNULL = YES;
				CLANG_ANALYZER_NUMBER_OBJECT_CONVERSION = YES_AGGRESSIVE;
				CLANG_CXX_LANGUAGE_STANDARD = "gnu++14";
				CLANG_CXX_LIBRARY = "libc++";
				CLANG_ENABLE_MODULES = YES;
				CLANG_ENABLE_OBJC_ARC = YES;
				CLANG_ENABLE_OBJC_WEAK = YES;
				CLANG_WARN_BLOCK_CAPTURE_AUTORELEASING = YES;
				CLANG_WARN_BOOL_CONVERSION = YES;
				CLANG_WARN_COMMA = YES;
				CLANG_WARN_CONSTANT_CONVERSION = YES;
				CLANG_WARN_DEPRECATED_OBJC_IMPLEMENTATIONS = YES;
				CLANG_WARN_DIRECT_OBJC_ISA_USAGE = YES_ERROR;
				CLANG_WARN_DOCUMENTATION_COMMENTS = YES;
				CLANG_WARN_EMPTY_BODY = YES;
				CLANG_WARN_ENUM_CONVERSION = YES;
				CLANG_WARN_INFINITE_RECURSION = YES;
				CLANG_WARN_INT_CONVERSION = YES;
				CLANG_WARN_NON_LITERAL_NULL_CONVERSION = YES;
				CLANG_WARN_OBJC_IMPLICIT_RETAIN_SELF = YES;
				CLANG_WARN_OBJC_LITERAL_CONVERSION = YES;
				CLANG_WARN_OBJC_ROOT_CLASS = YES_ERROR;
				CLANG_WARN_RANGE_LOOP_ANALYSIS = YES;
				CLANG_WARN_STRICT_PROTOTYPES = YES;
				CLANG_WARN_SUSPICIOUS_MOVE = YES;
				CLANG_WARN_UNGUARDED_AVAILABILITY = YES_AGGRESSIVE;
				CLANG_WARN_UNREACHABLE_CODE = YES;
				CLANG_WARN__DUPLICATE_METHOD_MATCH = YES;
				CODE_SIGN_IDENTITY = "iPhone Developer";
				COPY_PHASE_STRIP = NO;
				DEBUG_INFORMATION_FORMAT = "dwarf-with-dsym";
				ENABLE_NS_ASSERTIONS = NO;
				ENABLE_STRICT_OBJC_MSGSEND = YES;
				GCC_C_LANGUAGE_STANDARD = gnu11;
				GCC_NO_COMMON_BLOCKS = YES;
				GCC_WARN_64_TO_32_BIT_CONVERSION = YES;
				GCC_WARN_ABOUT_RETURN_TYPE = YES_ERROR;
				GCC_WARN_UNDECLARED_SELECTOR = YES;
				GCC_WARN_UNINITIALIZED_AUTOS = YES_AGGRESSIVE;
				GCC_WARN_UNUSED_FUNCTION = YES;
				GCC_WARN_UNUSED_VARIABLE = YES;
				IPHONEOS_DEPLOYMENT_TARGET = 11.4;
				MTL_ENABLE_DEBUG_INFO = NO;
				SDKROOT = iphoneos;
				SWIFT_COMPILATION_MODE = wholemodule;
				SWIFT_OPTIMIZATION_LEVEL = "-O";
				VALIDATE_PRODUCT = YES;
			};
			name = Release;
		};
		846D606A213A1D930082481F /* Debug */ = {
			isa = XCBuildConfiguration;
			baseConfigurationReference = 98473F7A2B7B52AB1920C924 /* Pods-MS Movies.debug.xcconfig */;
			buildSettings = {
				ASSETCATALOG_COMPILER_APPICON_NAME = AppIcon;
				CODE_SIGN_STYLE = Automatic;
				INFOPLIST_FILE = "MS Movies/Info.plist";
				LD_RUNPATH_SEARCH_PATHS = (
					"$(inherited)",
					"@executable_path/Frameworks",
				);
				PRODUCT_BUNDLE_IDENTIFIER = "com.msm.MS-Movies";
				PRODUCT_NAME = "$(TARGET_NAME)";
				SWIFT_VERSION = 4.0;
				TARGETED_DEVICE_FAMILY = "1,2";
			};
			name = Debug;
		};
		846D606B213A1D930082481F /* Release */ = {
			isa = XCBuildConfiguration;
			baseConfigurationReference = DCCC83FE01A208E127FD06CA /* Pods-MS Movies.release.xcconfig */;
			buildSettings = {
				ASSETCATALOG_COMPILER_APPICON_NAME = AppIcon;
				CODE_SIGN_STYLE = Automatic;
				INFOPLIST_FILE = "MS Movies/Info.plist";
				LD_RUNPATH_SEARCH_PATHS = (
					"$(inherited)",
					"@executable_path/Frameworks",
				);
				PRODUCT_BUNDLE_IDENTIFIER = "com.msm.MS-Movies";
				PRODUCT_NAME = "$(TARGET_NAME)";
				SWIFT_VERSION = 4.0;
				TARGETED_DEVICE_FAMILY = "1,2";
			};
			name = Release;
		};
		846D606D213A1D930082481F /* Debug */ = {
			isa = XCBuildConfiguration;
			baseConfigurationReference = 24C4B4E89AB37660D15A5C5C /* Pods-MS MoviesTests.debug.xcconfig */;
			buildSettings = {
				ALWAYS_EMBED_SWIFT_STANDARD_LIBRARIES = YES;
				BUNDLE_LOADER = "$(TEST_HOST)";
				CODE_SIGN_STYLE = Automatic;
				INFOPLIST_FILE = "MS MoviesTests/Info.plist";
				LD_RUNPATH_SEARCH_PATHS = (
					"$(inherited)",
					"@executable_path/Frameworks",
					"@loader_path/Frameworks",
				);
				PRODUCT_BUNDLE_IDENTIFIER = "com.msm.MS-MoviesTests";
				PRODUCT_NAME = "$(TARGET_NAME)";
				SWIFT_VERSION = 4.0;
				TARGETED_DEVICE_FAMILY = "1,2";
				TEST_HOST = "$(BUILT_PRODUCTS_DIR)/MS Movies.app/MS Movies";
			};
			name = Debug;
		};
		846D606E213A1D930082481F /* Release */ = {
			isa = XCBuildConfiguration;
			baseConfigurationReference = F3A2FFE39BF413B99EB27C15 /* Pods-MS MoviesTests.release.xcconfig */;
			buildSettings = {
				ALWAYS_EMBED_SWIFT_STANDARD_LIBRARIES = YES;
				BUNDLE_LOADER = "$(TEST_HOST)";
				CODE_SIGN_STYLE = Automatic;
				INFOPLIST_FILE = "MS MoviesTests/Info.plist";
				LD_RUNPATH_SEARCH_PATHS = (
					"$(inherited)",
					"@executable_path/Frameworks",
					"@loader_path/Frameworks",
				);
				PRODUCT_BUNDLE_IDENTIFIER = "com.msm.MS-MoviesTests";
				PRODUCT_NAME = "$(TARGET_NAME)";
				SWIFT_VERSION = 4.0;
				TARGETED_DEVICE_FAMILY = "1,2";
				TEST_HOST = "$(BUILT_PRODUCTS_DIR)/MS Movies.app/MS Movies";
			};
			name = Release;
		};
		846D6070213A1D930082481F /* Debug */ = {
			isa = XCBuildConfiguration;
			baseConfigurationReference = 6004B4F371CBDCB780096B3C /* Pods-MS MoviesUITests.debug.xcconfig */;
			buildSettings = {
				ALWAYS_EMBED_SWIFT_STANDARD_LIBRARIES = YES;
				CODE_SIGN_STYLE = Automatic;
				INFOPLIST_FILE = "MS MoviesUITests/Info.plist";
				LD_RUNPATH_SEARCH_PATHS = (
					"$(inherited)",
					"@executable_path/Frameworks",
					"@loader_path/Frameworks",
				);
				PRODUCT_BUNDLE_IDENTIFIER = "com.msm.MS-MoviesUITests";
				PRODUCT_NAME = "$(TARGET_NAME)";
				SWIFT_VERSION = 4.0;
				TARGETED_DEVICE_FAMILY = "1,2";
				TEST_TARGET_NAME = "MS Movies";
			};
			name = Debug;
		};
		846D6071213A1D930082481F /* Release */ = {
			isa = XCBuildConfiguration;
			baseConfigurationReference = 103A287ABC9EFC02D9FE052C /* Pods-MS MoviesUITests.release.xcconfig */;
			buildSettings = {
				ALWAYS_EMBED_SWIFT_STANDARD_LIBRARIES = YES;
				CODE_SIGN_STYLE = Automatic;
				INFOPLIST_FILE = "MS MoviesUITests/Info.plist";
				LD_RUNPATH_SEARCH_PATHS = (
					"$(inherited)",
					"@executable_path/Frameworks",
					"@loader_path/Frameworks",
				);
				PRODUCT_BUNDLE_IDENTIFIER = "com.msm.MS-MoviesUITests";
				PRODUCT_NAME = "$(TARGET_NAME)";
				SWIFT_VERSION = 4.0;
				TARGETED_DEVICE_FAMILY = "1,2";
				TEST_TARGET_NAME = "MS Movies";
			};
			name = Release;
		};
/* End XCBuildConfiguration section */

/* Begin XCConfigurationList section */
		846D603C213A1D900082481F /* Build configuration list for PBXProject "MS Movies" */ = {
			isa = XCConfigurationList;
			buildConfigurations = (
				846D6067213A1D930082481F /* Debug */,
				846D6068213A1D930082481F /* Release */,
			);
			defaultConfigurationIsVisible = 0;
			defaultConfigurationName = Release;
		};
		846D6069213A1D930082481F /* Build configuration list for PBXNativeTarget "MS Movies" */ = {
			isa = XCConfigurationList;
			buildConfigurations = (
				846D606A213A1D930082481F /* Debug */,
				846D606B213A1D930082481F /* Release */,
			);
			defaultConfigurationIsVisible = 0;
			defaultConfigurationName = Release;
		};
		846D606C213A1D930082481F /* Build configuration list for PBXNativeTarget "MS MoviesTests" */ = {
			isa = XCConfigurationList;
			buildConfigurations = (
				846D606D213A1D930082481F /* Debug */,
				846D606E213A1D930082481F /* Release */,
			);
			defaultConfigurationIsVisible = 0;
			defaultConfigurationName = Release;
		};
		846D606F213A1D930082481F /* Build configuration list for PBXNativeTarget "MS MoviesUITests" */ = {
			isa = XCConfigurationList;
			buildConfigurations = (
				846D6070213A1D930082481F /* Debug */,
				846D6071213A1D930082481F /* Release */,
			);
			defaultConfigurationIsVisible = 0;
			defaultConfigurationName = Release;
		};
/* End XCConfigurationList section */
	};
	rootObject = 846D6039213A1D900082481F /* Project object */;
}
